// !$*UTF8*$!
{
	archiveVersion = 1;
	classes = {
	};
	objectVersion = 46;
	objects = {

/* Begin PBXBuildFile section */
		BA4C39DA1D49F7D900A527E7 /* main.m in Sources */ = {isa = PBXBuildFile; fileRef = BA4C39D91D49F7D900A527E7 /* main.m */; };
		BA4C39DD1D49F7D900A527E7 /* AppDelegate.m in Sources */ = {isa = PBXBuildFile; fileRef = BA4C39DC1D49F7D900A527E7 /* AppDelegate.m */; };
		BA4C39E31D49F7D900A527E7 /* Main.storyboard in Resources */ = {isa = PBXBuildFile; fileRef = BA4C39E11D49F7D900A527E7 /* Main.storyboard */; };
		BA4C39E81D49F7D900A527E7 /* LaunchScreen.storyboard in Resources */ = {isa = PBXBuildFile; fileRef = BA4C39E61D49F7D900A527E7 /* LaunchScreen.storyboard */; };
		BA4C39F31D49F7D900A527E7 /* SkipQTests.m in Sources */ = {isa = PBXBuildFile; fileRef = BA4C39F21D49F7D900A527E7 /* SkipQTests.m */; };
		BA4C39FE1D49F7DA00A527E7 /* SkipQUITests.m in Sources */ = {isa = PBXBuildFile; fileRef = BA4C39FD1D49F7DA00A527E7 /* SkipQUITests.m */; };
		BA4C3A0D1D49FD7200A527E7 /* ProductDetailsController.m in Sources */ = {isa = PBXBuildFile; fileRef = BA4C3A0C1D49FD7200A527E7 /* ProductDetailsController.m */; };
		BA4C3A101D4B2A5800A527E7 /* WalmartProductModel.m in Sources */ = {isa = PBXBuildFile; fileRef = BA4C3A0F1D4B2A5800A527E7 /* WalmartProductModel.m */; };
		BA4C3A141D4B461800A527E7 /* Logo.xcassets in Resources */ = {isa = PBXBuildFile; fileRef = BA4C3A131D4B461800A527E7 /* Logo.xcassets */; };
		BA4C3A151D4C22DA00A527E7 /* ViewController.m in Sources */ = {isa = PBXBuildFile; fileRef = BA4C39DF1D49F7D900A527E7 /* ViewController.m */; };
		BA4C3A181D4C327300A527E7 /* TrendingListViewController.m in Sources */ = {isa = PBXBuildFile; fileRef = BA4C3A171D4C327300A527E7 /* TrendingListViewController.m */; };
		BA4C3A1B1D4CA5ED00A527E7 /* ReviewViewController.m in Sources */ = {isa = PBXBuildFile; fileRef = BA4C3A1A1D4CA5ED00A527E7 /* ReviewViewController.m */; };
		BA4C3A1D1D4CB0B500A527E7 /* ReviewTableCell.xib in Resources */ = {isa = PBXBuildFile; fileRef = BA4C3A1C1D4CB0B500A527E7 /* ReviewTableCell.xib */; };
		BA4C3A201D4CB28000A527E7 /* ReviewCellViewController.m in Sources */ = {isa = PBXBuildFile; fileRef = BA4C3A1F1D4CB28000A527E7 /* ReviewCellViewController.m */; };
		BA4C3A231D4D5AD200A527E7 /* CheckoutProductModel.xcdatamodeld in Sources */ = {isa = PBXBuildFile; fileRef = BA4C3A211D4D5AD200A527E7 /* CheckoutProductModel.xcdatamodeld */; };
		BA4C3A291D4DA4E500A527E7 /* ConfirmViewController.m in Sources */ = {isa = PBXBuildFile; fileRef = BA4C3A281D4DA4E500A527E7 /* ConfirmViewController.m */; };
		BA4C3A2F1D4DE00200A527E7 /* ScanController.m in Sources */ = {isa = PBXBuildFile; fileRef = BA4C3A2E1D4DE00200A527E7 /* ScanController.m */; };
		BA4C3A3B1D4EB1D900A527E7 /* BeaconManager.m in Sources */ = {isa = PBXBuildFile; fileRef = BA4C3A3A1D4EB1D900A527E7 /* BeaconManager.m */; };
		BAB16C461D4F026A0014E8B0 /* ESSBeaconScanner.m in Sources */ = {isa = PBXBuildFile; fileRef = BAB16C421D4F026A0014E8B0 /* ESSBeaconScanner.m */; };
		BAB16C471D4F026A0014E8B0 /* ESSEddyStone.m in Sources */ = {isa = PBXBuildFile; fileRef = BAB16C441D4F026A0014E8B0 /* ESSEddyStone.m */; };
		BAB16C481D4F026A0014E8B0 /* ESSTimer.m in Sources */ = {isa = PBXBuildFile; fileRef = BAB16C451D4F026A0014E8B0 /* ESSTimer.m */; };
		BAB16C4D1D4F028B0014E8B0 /* FBSDKLoginKit.framework in Frameworks */ = {isa = PBXBuildFile; fileRef = BAB16C491D4F028B0014E8B0 /* FBSDKLoginKit.framework */; };
		BAB16C4E1D4F028B0014E8B0 /* FBSDKCoreKit.framework in Frameworks */ = {isa = PBXBuildFile; fileRef = BAB16C4A1D4F028B0014E8B0 /* FBSDKCoreKit.framework */; };
		BAB16C4F1D4F028B0014E8B0 /* Bolts.framework in Frameworks */ = {isa = PBXBuildFile; fileRef = BAB16C4B1D4F028B0014E8B0 /* Bolts.framework */; };
		BAB16C501D4F028B0014E8B0 /* FBSDKShareKit.framework in Frameworks */ = {isa = PBXBuildFile; fileRef = BAB16C4C1D4F028B0014E8B0 /* FBSDKShareKit.framework */; };
/* End PBXBuildFile section */

/* Begin PBXContainerItemProxy section */
		BA4C39EF1D49F7D900A527E7 /* PBXContainerItemProxy */ = {
			isa = PBXContainerItemProxy;
			containerPortal = BA4C39CD1D49F7D900A527E7 /* Project object */;
			proxyType = 1;
			remoteGlobalIDString = BA4C39D41D49F7D900A527E7;
			remoteInfo = SkipQ;
		};
		BA4C39FA1D49F7D900A527E7 /* PBXContainerItemProxy */ = {
			isa = PBXContainerItemProxy;
			containerPortal = BA4C39CD1D49F7D900A527E7 /* Project object */;
			proxyType = 1;
			remoteGlobalIDString = BA4C39D41D49F7D900A527E7;
			remoteInfo = SkipQ;
		};
/* End PBXContainerItemProxy section */

/* Begin PBXFileReference section */
		BA4C39D51D49F7D900A527E7 /* SkipQ.app */ = {isa = PBXFileReference; explicitFileType = wrapper.application; includeInIndex = 0; path = SkipQ.app; sourceTree = BUILT_PRODUCTS_DIR; };
		BA4C39D91D49F7D900A527E7 /* main.m */ = {isa = PBXFileReference; lastKnownFileType = sourcecode.c.objc; path = main.m; sourceTree = "<group>"; };
		BA4C39DB1D49F7D900A527E7 /* AppDelegate.h */ = {isa = PBXFileReference; lastKnownFileType = sourcecode.c.h; path = AppDelegate.h; sourceTree = "<group>"; };
		BA4C39DC1D49F7D900A527E7 /* AppDelegate.m */ = {isa = PBXFileReference; lastKnownFileType = sourcecode.c.objc; path = AppDelegate.m; sourceTree = "<group>"; };
		BA4C39DE1D49F7D900A527E7 /* ViewController.h */ = {isa = PBXFileReference; lastKnownFileType = sourcecode.c.h; path = ViewController.h; sourceTree = "<group>"; };
		BA4C39DF1D49F7D900A527E7 /* ViewController.m */ = {isa = PBXFileReference; lastKnownFileType = sourcecode.c.objc; path = ViewController.m; sourceTree = "<group>"; };
		BA4C39E21D49F7D900A527E7 /* Base */ = {isa = PBXFileReference; lastKnownFileType = file.storyboard; name = Base; path = Base.lproj/Main.storyboard; sourceTree = "<group>"; };
		BA4C39E71D49F7D900A527E7 /* Base */ = {isa = PBXFileReference; lastKnownFileType = file.storyboard; name = Base; path = Base.lproj/LaunchScreen.storyboard; sourceTree = "<group>"; };
		BA4C39E91D49F7D900A527E7 /* Info.plist */ = {isa = PBXFileReference; lastKnownFileType = text.plist.xml; path = Info.plist; sourceTree = "<group>"; };
		BA4C39EE1D49F7D900A527E7 /* SkipQTests.xctest */ = {isa = PBXFileReference; explicitFileType = wrapper.cfbundle; includeInIndex = 0; path = SkipQTests.xctest; sourceTree = BUILT_PRODUCTS_DIR; };
		BA4C39F21D49F7D900A527E7 /* SkipQTests.m */ = {isa = PBXFileReference; lastKnownFileType = sourcecode.c.objc; path = SkipQTests.m; sourceTree = "<group>"; };
		BA4C39F41D49F7D900A527E7 /* Info.plist */ = {isa = PBXFileReference; lastKnownFileType = text.plist.xml; path = Info.plist; sourceTree = "<group>"; };
		BA4C39F91D49F7D900A527E7 /* SkipQUITests.xctest */ = {isa = PBXFileReference; explicitFileType = wrapper.cfbundle; includeInIndex = 0; path = SkipQUITests.xctest; sourceTree = BUILT_PRODUCTS_DIR; };
		BA4C39FD1D49F7DA00A527E7 /* SkipQUITests.m */ = {isa = PBXFileReference; lastKnownFileType = sourcecode.c.objc; path = SkipQUITests.m; sourceTree = "<group>"; };
		BA4C39FF1D49F7DA00A527E7 /* Info.plist */ = {isa = PBXFileReference; lastKnownFileType = text.plist.xml; path = Info.plist; sourceTree = "<group>"; };
		BA4C3A0B1D49FD7200A527E7 /* ProductDetailsController.h */ = {isa = PBXFileReference; fileEncoding = 4; lastKnownFileType = sourcecode.c.h; path = ProductDetailsController.h; sourceTree = "<group>"; };
		BA4C3A0C1D49FD7200A527E7 /* ProductDetailsController.m */ = {isa = PBXFileReference; fileEncoding = 4; lastKnownFileType = sourcecode.c.objc; path = ProductDetailsController.m; sourceTree = "<group>"; };
		BA4C3A0E1D4B295100A527E7 /* WalmartProductModel.h */ = {isa = PBXFileReference; lastKnownFileType = sourcecode.c.h; path = WalmartProductModel.h; sourceTree = "<group>"; };
		BA4C3A0F1D4B2A5800A527E7 /* WalmartProductModel.m */ = {isa = PBXFileReference; fileEncoding = 4; lastKnownFileType = sourcecode.c.objc; path = WalmartProductModel.m; sourceTree = "<group>"; };
		BA4C3A131D4B461800A527E7 /* Logo.xcassets */ = {isa = PBXFileReference; lastKnownFileType = folder.assetcatalog; name = Logo.xcassets; path = ../../docs/cmu/modules/sem3/MobileApp/Assignment/Team11_ProjectProposal/Logo.xcassets/Logo.xcassets; sourceTree = "<group>"; };
		BA4C3A161D4C327300A527E7 /* TrendingListViewController.h */ = {isa = PBXFileReference; fileEncoding = 4; lastKnownFileType = sourcecode.c.h; path = TrendingListViewController.h; sourceTree = "<group>"; };
		BA4C3A171D4C327300A527E7 /* TrendingListViewController.m */ = {isa = PBXFileReference; fileEncoding = 4; lastKnownFileType = sourcecode.c.objc; path = TrendingListViewController.m; sourceTree = "<group>"; };
		BA4C3A191D4CA5ED00A527E7 /* ReviewViewController.h */ = {isa = PBXFileReference; fileEncoding = 4; lastKnownFileType = sourcecode.c.h; path = ReviewViewController.h; sourceTree = "<group>"; };
		BA4C3A1A1D4CA5ED00A527E7 /* ReviewViewController.m */ = {isa = PBXFileReference; fileEncoding = 4; lastKnownFileType = sourcecode.c.objc; path = ReviewViewController.m; sourceTree = "<group>"; };
		BA4C3A1C1D4CB0B500A527E7 /* ReviewTableCell.xib */ = {isa = PBXFileReference; fileEncoding = 4; lastKnownFileType = file.xib; path = ReviewTableCell.xib; sourceTree = "<group>"; };
		BA4C3A1E1D4CB28000A527E7 /* ReviewCellViewController.h */ = {isa = PBXFileReference; fileEncoding = 4; lastKnownFileType = sourcecode.c.h; path = ReviewCellViewController.h; sourceTree = "<group>"; };
		BA4C3A1F1D4CB28000A527E7 /* ReviewCellViewController.m */ = {isa = PBXFileReference; fileEncoding = 4; lastKnownFileType = sourcecode.c.objc; path = ReviewCellViewController.m; sourceTree = "<group>"; };
		BA4C3A221D4D5AD200A527E7 /* CheckoutProductModel.xcdatamodel */ = {isa = PBXFileReference; lastKnownFileType = wrapper.xcdatamodel; path = CheckoutProductModel.xcdatamodel; sourceTree = "<group>"; };
		BA4C3A271D4DA4E500A527E7 /* ConfirmViewController.h */ = {isa = PBXFileReference; fileEncoding = 4; lastKnownFileType = sourcecode.c.h; path = ConfirmViewController.h; sourceTree = "<group>"; };
		BA4C3A281D4DA4E500A527E7 /* ConfirmViewController.m */ = {isa = PBXFileReference; fileEncoding = 4; lastKnownFileType = sourcecode.c.objc; path = ConfirmViewController.m; sourceTree = "<group>"; };
		BA4C3A2D1D4DDEF600A527E7 /* ScanController.h */ = {isa = PBXFileReference; lastKnownFileType = sourcecode.c.h; path = ScanController.h; sourceTree = "<group>"; };
		BA4C3A2E1D4DE00200A527E7 /* ScanController.m */ = {isa = PBXFileReference; fileEncoding = 4; lastKnownFileType = sourcecode.c.objc; path = ScanController.m; sourceTree = "<group>"; };
		BA4C3A391D4EB18E00A527E7 /* BeaconCallback.h */ = {isa = PBXFileReference; fileEncoding = 4; lastKnownFileType = sourcecode.c.h; path = BeaconCallback.h; sourceTree = "<group>"; };
		BA4C3A3A1D4EB1D900A527E7 /* BeaconManager.m */ = {isa = PBXFileReference; fileEncoding = 4; lastKnownFileType = sourcecode.c.objc; path = BeaconManager.m; sourceTree = "<group>"; };
		BA4C3A3C1D4EB1E700A527E7 /* BeaconManager.h */ = {isa = PBXFileReference; lastKnownFileType = sourcecode.c.h; path = BeaconManager.h; sourceTree = "<group>"; };
		BAB16C401D4F026A0014E8B0 /* ESSTimer.h */ = {isa = PBXFileReference; fileEncoding = 4; lastKnownFileType = sourcecode.c.h; path = ESSTimer.h; sourceTree = "<group>"; };
		BAB16C411D4F026A0014E8B0 /* ESSBeaconScanner.h */ = {isa = PBXFileReference; fileEncoding = 4; lastKnownFileType = sourcecode.c.h; path = ESSBeaconScanner.h; sourceTree = "<group>"; };
		BAB16C421D4F026A0014E8B0 /* ESSBeaconScanner.m */ = {isa = PBXFileReference; fileEncoding = 4; lastKnownFileType = sourcecode.c.objc; path = ESSBeaconScanner.m; sourceTree = "<group>"; };
		BAB16C431D4F026A0014E8B0 /* ESSEddyStone.h */ = {isa = PBXFileReference; fileEncoding = 4; lastKnownFileType = sourcecode.c.h; path = ESSEddyStone.h; sourceTree = "<group>"; };
		BAB16C441D4F026A0014E8B0 /* ESSEddyStone.m */ = {isa = PBXFileReference; fileEncoding = 4; lastKnownFileType = sourcecode.c.objc; path = ESSEddyStone.m; sourceTree = "<group>"; };
		BAB16C451D4F026A0014E8B0 /* ESSTimer.m */ = {isa = PBXFileReference; fileEncoding = 4; lastKnownFileType = sourcecode.c.objc; path = ESSTimer.m; sourceTree = "<group>"; };
		BAB16C491D4F028B0014E8B0 /* FBSDKLoginKit.framework */ = {isa = PBXFileReference; lastKnownFileType = wrapper.framework; path = FBSDKLoginKit.framework; sourceTree = "<group>"; };
		BAB16C4A1D4F028B0014E8B0 /* FBSDKCoreKit.framework */ = {isa = PBXFileReference; lastKnownFileType = wrapper.framework; path = FBSDKCoreKit.framework; sourceTree = "<group>"; };
		BAB16C4B1D4F028B0014E8B0 /* Bolts.framework */ = {isa = PBXFileReference; lastKnownFileType = wrapper.framework; path = Bolts.framework; sourceTree = "<group>"; };
		BAB16C4C1D4F028B0014E8B0 /* FBSDKShareKit.framework */ = {isa = PBXFileReference; lastKnownFileType = wrapper.framework; path = FBSDKShareKit.framework; sourceTree = "<group>"; };
/* End PBXFileReference section */

/* Begin PBXFrameworksBuildPhase section */
		BA4C39D21D49F7D900A527E7 /* Frameworks */ = {
			isa = PBXFrameworksBuildPhase;
			buildActionMask = 2147483647;
			files = (
				BAB16C501D4F028B0014E8B0 /* FBSDKShareKit.framework in Frameworks */,
				BAB16C4F1D4F028B0014E8B0 /* Bolts.framework in Frameworks */,
				BAB16C4D1D4F028B0014E8B0 /* FBSDKLoginKit.framework in Frameworks */,
				BAB16C4E1D4F028B0014E8B0 /* FBSDKCoreKit.framework in Frameworks */,
			);
			runOnlyForDeploymentPostprocessing = 0;
		};
		BA4C39EB1D49F7D900A527E7 /* Frameworks */ = {
			isa = PBXFrameworksBuildPhase;
			buildActionMask = 2147483647;
			files = (
			);
			runOnlyForDeploymentPostprocessing = 0;
		};
		BA4C39F61D49F7D900A527E7 /* Frameworks */ = {
			isa = PBXFrameworksBuildPhase;
			buildActionMask = 2147483647;
			files = (
			);
			runOnlyForDeploymentPostprocessing = 0;
		};
/* End PBXFrameworksBuildPhase section */

/* Begin PBXGroup section */
		BA4C39CC1D49F7D900A527E7 = {
			isa = PBXGroup;
			children = (
				BAB16C2C1D4EFC2D0014E8B0 /* Frameworks */,
				BA4C3A211D4D5AD200A527E7 /* CheckoutProductModel.xcdatamodeld */,
				BA4C3A131D4B461800A527E7 /* Logo.xcassets */,
				BA4C39D71D49F7D900A527E7 /* SkipQ */,
				BA4C39F11D49F7D900A527E7 /* SkipQTests */,
				BA4C39FC1D49F7DA00A527E7 /* SkipQUITests */,
				BA4C39D61D49F7D900A527E7 /* Products */,
			);
			sourceTree = "<group>";
		};
		BA4C39D61D49F7D900A527E7 /* Products */ = {
			isa = PBXGroup;
			children = (
				BA4C39D51D49F7D900A527E7 /* SkipQ.app */,
				BA4C39EE1D49F7D900A527E7 /* SkipQTests.xctest */,
				BA4C39F91D49F7D900A527E7 /* SkipQUITests.xctest */,
			);
			name = Products;
			sourceTree = "<group>";
		};
		BA4C39D71D49F7D900A527E7 /* SkipQ */ = {
			isa = PBXGroup;
			children = (
				BAB16C401D4F026A0014E8B0 /* ESSTimer.h */,
				BAB16C411D4F026A0014E8B0 /* ESSBeaconScanner.h */,
				BAB16C421D4F026A0014E8B0 /* ESSBeaconScanner.m */,
				BAB16C431D4F026A0014E8B0 /* ESSEddyStone.h */,
				BAB16C441D4F026A0014E8B0 /* ESSEddyStone.m */,
				BAB16C451D4F026A0014E8B0 /* ESSTimer.m */,
				BA4C39DB1D49F7D900A527E7 /* AppDelegate.h */,
				BA4C3A391D4EB18E00A527E7 /* BeaconCallback.h */,
				BA4C39DC1D49F7D900A527E7 /* AppDelegate.m */,
				BA4C39DE1D49F7D900A527E7 /* ViewController.h */,
				BA4C39DF1D49F7D900A527E7 /* ViewController.m */,
				BA4C39E11D49F7D900A527E7 /* Main.storyboard */,
				BA4C3A271D4DA4E500A527E7 /* ConfirmViewController.h */,
				BA4C3A281D4DA4E500A527E7 /* ConfirmViewController.m */,
				BA4C3A191D4CA5ED00A527E7 /* ReviewViewController.h */,
				BA4C3A1A1D4CA5ED00A527E7 /* ReviewViewController.m */,
				BA4C3A0E1D4B295100A527E7 /* WalmartProductModel.h */,
				BA4C3A0F1D4B2A5800A527E7 /* WalmartProductModel.m */,
				BA4C3A0B1D49FD7200A527E7 /* ProductDetailsController.h */,
				BA4C3A0C1D49FD7200A527E7 /* ProductDetailsController.m */,
				BA4C3A1C1D4CB0B500A527E7 /* ReviewTableCell.xib */,
				BA4C3A1E1D4CB28000A527E7 /* ReviewCellViewController.h */,
				BA4C3A1F1D4CB28000A527E7 /* ReviewCellViewController.m */,
				BA4C39E61D49F7D900A527E7 /* LaunchScreen.storyboard */,
				BA4C39E91D49F7D900A527E7 /* Info.plist */,
				BA4C39D81D49F7D900A527E7 /* Supporting Files */,
				BA4C3A161D4C327300A527E7 /* TrendingListViewController.h */,
				BA4C3A171D4C327300A527E7 /* TrendingListViewController.m */,
				BA4C3A2D1D4DDEF600A527E7 /* ScanController.h */,
				BA4C3A2E1D4DE00200A527E7 /* ScanController.m */,
				BA4C3A3A1D4EB1D900A527E7 /* BeaconManager.m */,
				BA4C3A3C1D4EB1E700A527E7 /* BeaconManager.h */,
			);
			path = SkipQ;
			sourceTree = "<group>";
		};
		BA4C39D81D49F7D900A527E7 /* Supporting Files */ = {
			isa = PBXGroup;
			children = (
				BA4C39D91D49F7D900A527E7 /* main.m */,
			);
			name = "Supporting Files";
			sourceTree = "<group>";
		};
		BA4C39F11D49F7D900A527E7 /* SkipQTests */ = {
			isa = PBXGroup;
			children = (
				BA4C39F21D49F7D900A527E7 /* SkipQTests.m */,
				BA4C39F41D49F7D900A527E7 /* Info.plist */,
			);
			path = SkipQTests;
			sourceTree = "<group>";
		};
		BA4C39FC1D49F7DA00A527E7 /* SkipQUITests */ = {
			isa = PBXGroup;
			children = (
				BA4C39FD1D49F7DA00A527E7 /* SkipQUITests.m */,
				BA4C39FF1D49F7DA00A527E7 /* Info.plist */,
			);
			path = SkipQUITests;
			sourceTree = "<group>";
		};
		BAB16C2C1D4EFC2D0014E8B0 /* Frameworks */ = {
			isa = PBXGroup;
			children = (
				BAB16C491D4F028B0014E8B0 /* FBSDKLoginKit.framework */,
				BAB16C4A1D4F028B0014E8B0 /* FBSDKCoreKit.framework */,
				BAB16C4B1D4F028B0014E8B0 /* Bolts.framework */,
				BAB16C4C1D4F028B0014E8B0 /* FBSDKShareKit.framework */,
			);
			name = Frameworks;
			sourceTree = "<group>";
		};
/* End PBXGroup section */

/* Begin PBXNativeTarget section */
		BA4C39D41D49F7D900A527E7 /* SkipQ */ = {
			isa = PBXNativeTarget;
			buildConfigurationList = BA4C3A021D49F7DA00A527E7 /* Build configuration list for PBXNativeTarget "SkipQ" */;
			buildPhases = (
				BA4C39D11D49F7D900A527E7 /* Sources */,
				BA4C39D21D49F7D900A527E7 /* Frameworks */,
				BA4C39D31D49F7D900A527E7 /* Resources */,
			);
			buildRules = (
			);
			dependencies = (
			);
			name = SkipQ;
			productName = SkipQ;
			productReference = BA4C39D51D49F7D900A527E7 /* SkipQ.app */;
			productType = "com.apple.product-type.application";
		};
		BA4C39ED1D49F7D900A527E7 /* SkipQTests */ = {
			isa = PBXNativeTarget;
			buildConfigurationList = BA4C3A051D49F7DA00A527E7 /* Build configuration list for PBXNativeTarget "SkipQTests" */;
			buildPhases = (
				BA4C39EA1D49F7D900A527E7 /* Sources */,
				BA4C39EB1D49F7D900A527E7 /* Frameworks */,
				BA4C39EC1D49F7D900A527E7 /* Resources */,
			);
			buildRules = (
			);
			dependencies = (
				BA4C39F01D49F7D900A527E7 /* PBXTargetDependency */,
			);
			name = SkipQTests;
			productName = SkipQTests;
			productReference = BA4C39EE1D49F7D900A527E7 /* SkipQTests.xctest */;
			productType = "com.apple.product-type.bundle.unit-test";
		};
		BA4C39F81D49F7D900A527E7 /* SkipQUITests */ = {
			isa = PBXNativeTarget;
			buildConfigurationList = BA4C3A081D49F7DA00A527E7 /* Build configuration list for PBXNativeTarget "SkipQUITests" */;
			buildPhases = (
				BA4C39F51D49F7D900A527E7 /* Sources */,
				BA4C39F61D49F7D900A527E7 /* Frameworks */,
				BA4C39F71D49F7D900A527E7 /* Resources */,
			);
			buildRules = (
			);
			dependencies = (
				BA4C39FB1D49F7D900A527E7 /* PBXTargetDependency */,
			);
			name = SkipQUITests;
			productName = SkipQUITests;
			productReference = BA4C39F91D49F7D900A527E7 /* SkipQUITests.xctest */;
			productType = "com.apple.product-type.bundle.ui-testing";
		};
/* End PBXNativeTarget section */

/* Begin PBXProject section */
		BA4C39CD1D49F7D900A527E7 /* Project object */ = {
			isa = PBXProject;
			attributes = {
				LastUpgradeCheck = 0730;
				ORGANIZATIONNAME = CMU;
				TargetAttributes = {
					BA4C39D41D49F7D900A527E7 = {
						CreatedOnToolsVersion = 7.3.1;
						DevelopmentTeam = XMJDP322PC;
						SystemCapabilities = {
							com.apple.BackgroundModes = {
								enabled = 0;
							};
						};
					};
					BA4C39ED1D49F7D900A527E7 = {
						CreatedOnToolsVersion = 7.3.1;
						TestTargetID = BA4C39D41D49F7D900A527E7;
					};
					BA4C39F81D49F7D900A527E7 = {
						CreatedOnToolsVersion = 7.3.1;
						TestTargetID = BA4C39D41D49F7D900A527E7;
					};
				};
			};
			buildConfigurationList = BA4C39D01D49F7D900A527E7 /* Build configuration list for PBXProject "SkipQ" */;
			compatibilityVersion = "Xcode 3.2";
			developmentRegion = English;
			hasScannedForEncodings = 0;
			knownRegions = (
				en,
				Base,
			);
			mainGroup = BA4C39CC1D49F7D900A527E7;
			productRefGroup = BA4C39D61D49F7D900A527E7 /* Products */;
			projectDirPath = "";
			projectRoot = "";
			targets = (
				BA4C39D41D49F7D900A527E7 /* SkipQ */,
				BA4C39ED1D49F7D900A527E7 /* SkipQTests */,
				BA4C39F81D49F7D900A527E7 /* SkipQUITests */,
			);
		};
/* End PBXProject section */

/* Begin PBXResourcesBuildPhase section */
		BA4C39D31D49F7D900A527E7 /* Resources */ = {
			isa = PBXResourcesBuildPhase;
			buildActionMask = 2147483647;
			files = (
				BA4C3A141D4B461800A527E7 /* Logo.xcassets in Resources */,
				BA4C39E81D49F7D900A527E7 /* LaunchScreen.storyboard in Resources */,
				BA4C3A1D1D4CB0B500A527E7 /* ReviewTableCell.xib in Resources */,
				BA4C39E31D49F7D900A527E7 /* Main.storyboard in Resources */,
			);
			runOnlyForDeploymentPostprocessing = 0;
		};
		BA4C39EC1D49F7D900A527E7 /* Resources */ = {
			isa = PBXResourcesBuildPhase;
			buildActionMask = 2147483647;
			files = (
			);
			runOnlyForDeploymentPostprocessing = 0;
		};
		BA4C39F71D49F7D900A527E7 /* Resources */ = {
			isa = PBXResourcesBuildPhase;
			buildActionMask = 2147483647;
			files = (
			);
			runOnlyForDeploymentPostprocessing = 0;
		};
/* End PBXResourcesBuildPhase section */

/* Begin PBXSourcesBuildPhase section */
		BA4C39D11D49F7D900A527E7 /* Sources */ = {
			isa = PBXSourcesBuildPhase;
			buildActionMask = 2147483647;
			files = (
				BA4C3A231D4D5AD200A527E7 /* CheckoutProductModel.xcdatamodeld in Sources */,
				BA4C3A291D4DA4E500A527E7 /* ConfirmViewController.m in Sources */,
				BA4C3A101D4B2A5800A527E7 /* WalmartProductModel.m in Sources */,
				BA4C3A2F1D4DE00200A527E7 /* ScanController.m in Sources */,
				BA4C3A181D4C327300A527E7 /* TrendingListViewController.m in Sources */,
				BAB16C471D4F026A0014E8B0 /* ESSEddyStone.m in Sources */,
				BA4C3A0D1D49FD7200A527E7 /* ProductDetailsController.m in Sources */,
				BA4C39DD1D49F7D900A527E7 /* AppDelegate.m in Sources */,
				BA4C39DA1D49F7D900A527E7 /* main.m in Sources */,
				BA4C3A3B1D4EB1D900A527E7 /* BeaconManager.m in Sources */,
				BA4C3A151D4C22DA00A527E7 /* ViewController.m in Sources */,
				BAB16C461D4F026A0014E8B0 /* ESSBeaconScanner.m in Sources */,
				BAB16C481D4F026A0014E8B0 /* ESSTimer.m in Sources */,
				BA4C3A201D4CB28000A527E7 /* ReviewCellViewController.m in Sources */,
				BA4C3A1B1D4CA5ED00A527E7 /* ReviewViewController.m in Sources */,
			);
			runOnlyForDeploymentPostprocessing = 0;
		};
		BA4C39EA1D49F7D900A527E7 /* Sources */ = {
			isa = PBXSourcesBuildPhase;
			buildActionMask = 2147483647;
			files = (
				BA4C39F31D49F7D900A527E7 /* SkipQTests.m in Sources */,
			);
			runOnlyForDeploymentPostprocessing = 0;
		};
		BA4C39F51D49F7D900A527E7 /* Sources */ = {
			isa = PBXSourcesBuildPhase;
			buildActionMask = 2147483647;
			files = (
				BA4C39FE1D49F7DA00A527E7 /* SkipQUITests.m in Sources */,
			);
			runOnlyForDeploymentPostprocessing = 0;
		};
/* End PBXSourcesBuildPhase section */

/* Begin PBXTargetDependency section */
		BA4C39F01D49F7D900A527E7 /* PBXTargetDependency */ = {
			isa = PBXTargetDependency;
			target = BA4C39D41D49F7D900A527E7 /* SkipQ */;
			targetProxy = BA4C39EF1D49F7D900A527E7 /* PBXContainerItemProxy */;
		};
		BA4C39FB1D49F7D900A527E7 /* PBXTargetDependency */ = {
			isa = PBXTargetDependency;
			target = BA4C39D41D49F7D900A527E7 /* SkipQ */;
			targetProxy = BA4C39FA1D49F7D900A527E7 /* PBXContainerItemProxy */;
		};
/* End PBXTargetDependency section */

/* Begin PBXVariantGroup section */
		BA4C39E11D49F7D900A527E7 /* Main.storyboard */ = {
			isa = PBXVariantGroup;
			children = (
				BA4C39E21D49F7D900A527E7 /* Base */,
			);
			name = Main.storyboard;
			sourceTree = "<group>";
		};
		BA4C39E61D49F7D900A527E7 /* LaunchScreen.storyboard */ = {
			isa = PBXVariantGroup;
			children = (
				BA4C39E71D49F7D900A527E7 /* Base */,
			);
			name = LaunchScreen.storyboard;
			sourceTree = "<group>";
		};
/* End PBXVariantGroup section */

/* Begin XCBuildConfiguration section */
		BA4C3A001D49F7DA00A527E7 /* Debug */ = {
			isa = XCBuildConfiguration;
			buildSettings = {
				ALWAYS_SEARCH_USER_PATHS = NO;
				CLANG_ANALYZER_NONNULL = YES;
				CLANG_CXX_LANGUAGE_STANDARD = "gnu++0x";
				CLANG_CXX_LIBRARY = "libc++";
				CLANG_ENABLE_MODULES = YES;
				CLANG_ENABLE_OBJC_ARC = YES;
				CLANG_WARN_BOOL_CONVERSION = YES;
				CLANG_WARN_CONSTANT_CONVERSION = YES;
				CLANG_WARN_DIRECT_OBJC_ISA_USAGE = YES_ERROR;
				CLANG_WARN_EMPTY_BODY = YES;
				CLANG_WARN_ENUM_CONVERSION = YES;
				CLANG_WARN_INT_CONVERSION = YES;
				CLANG_WARN_OBJC_ROOT_CLASS = YES_ERROR;
				CLANG_WARN_UNREACHABLE_CODE = YES;
				CLANG_WARN__DUPLICATE_METHOD_MATCH = YES;
				"CODE_SIGN_IDENTITY[sdk=iphoneos*]" = "iPhone Developer";
				COPY_PHASE_STRIP = NO;
				DEBUG_INFORMATION_FORMAT = dwarf;
				ENABLE_STRICT_OBJC_MSGSEND = YES;
				ENABLE_TESTABILITY = YES;
				GCC_C_LANGUAGE_STANDARD = gnu99;
				GCC_DYNAMIC_NO_PIC = NO;
				GCC_NO_COMMON_BLOCKS = YES;
				GCC_OPTIMIZATION_LEVEL = 0;
				GCC_PREPROCESSOR_DEFINITIONS = (
					"DEBUG=1",
					"$(inherited)",
				);
				GCC_WARN_64_TO_32_BIT_CONVERSION = YES;
				GCC_WARN_ABOUT_RETURN_TYPE = YES_ERROR;
				GCC_WARN_UNDECLARED_SELECTOR = YES;
				GCC_WARN_UNINITIALIZED_AUTOS = YES_AGGRESSIVE;
				GCC_WARN_UNUSED_FUNCTION = YES;
				GCC_WARN_UNUSED_VARIABLE = YES;
				IPHONEOS_DEPLOYMENT_TARGET = 9.3;
				MTL_ENABLE_DEBUG_INFO = YES;
				ONLY_ACTIVE_ARCH = YES;
				SDKROOT = iphoneos;
				TARGETED_DEVICE_FAMILY = "1,2";
			};
			name = Debug;
		};
		BA4C3A011D49F7DA00A527E7 /* Release */ = {
			isa = XCBuildConfiguration;
			buildSettings = {
				ALWAYS_SEARCH_USER_PATHS = NO;
				CLANG_ANALYZER_NONNULL = YES;
				CLANG_CXX_LANGUAGE_STANDARD = "gnu++0x";
				CLANG_CXX_LIBRARY = "libc++";
				CLANG_ENABLE_MODULES = YES;
				CLANG_ENABLE_OBJC_ARC = YES;
				CLANG_WARN_BOOL_CONVERSION = YES;
				CLANG_WARN_CONSTANT_CONVERSION = YES;
				CLANG_WARN_DIRECT_OBJC_ISA_USAGE = YES_ERROR;
				CLANG_WARN_EMPTY_BODY = YES;
				CLANG_WARN_ENUM_CONVERSION = YES;
				CLANG_WARN_INT_CONVERSION = YES;
				CLANG_WARN_OBJC_ROOT_CLASS = YES_ERROR;
				CLANG_WARN_UNREACHABLE_CODE = YES;
				CLANG_WARN__DUPLICATE_METHOD_MATCH = YES;
				"CODE_SIGN_IDENTITY[sdk=iphoneos*]" = "iPhone Developer";
				COPY_PHASE_STRIP = NO;
				DEBUG_INFORMATION_FORMAT = "dwarf-with-dsym";
				ENABLE_NS_ASSERTIONS = NO;
				ENABLE_STRICT_OBJC_MSGSEND = YES;
				GCC_C_LANGUAGE_STANDARD = gnu99;
				GCC_NO_COMMON_BLOCKS = YES;
				GCC_WARN_64_TO_32_BIT_CONVERSION = YES;
				GCC_WARN_ABOUT_RETURN_TYPE = YES_ERROR;
				GCC_WARN_UNDECLARED_SELECTOR = YES;
				GCC_WARN_UNINITIALIZED_AUTOS = YES_AGGRESSIVE;
				GCC_WARN_UNUSED_FUNCTION = YES;
				GCC_WARN_UNUSED_VARIABLE = YES;
				IPHONEOS_DEPLOYMENT_TARGET = 9.3;
				MTL_ENABLE_DEBUG_INFO = NO;
				SDKROOT = iphoneos;
				TARGETED_DEVICE_FAMILY = "1,2";
				VALIDATE_PRODUCT = YES;
			};
			name = Release;
		};
		BA4C3A031D49F7DA00A527E7 /* Debug */ = {
			isa = XCBuildConfiguration;
			buildSettings = {
				ASSETCATALOG_COMPILER_APPICON_NAME = AppIcon;
				CODE_SIGN_IDENTITY = "iPhone Developer";
				"CODE_SIGN_IDENTITY[sdk=iphoneos*]" = "iPhone Developer";
				ENABLE_BITCODE = YES;
				FRAMEWORK_SEARCH_PATHS = (
					"$(inherited)",
					"$(PROJECT_DIR)",
				);
				INFOPLIST_FILE = SkipQ/Info.plist;
				IPHONEOS_DEPLOYMENT_TARGET = 8.1;
				LD_RUNPATH_SEARCH_PATHS = "$(inherited) @executable_path/Frameworks";
				PRODUCT_BUNDLE_IDENTIFIER = edu.cmu.ios.SkipQ;
				PRODUCT_NAME = "$(TARGET_NAME)";
				PROVISIONING_PROFILE = "";
			};
			name = Debug;
		};
		BA4C3A041D49F7DA00A527E7 /* Release */ = {
			isa = XCBuildConfiguration;
			buildSettings = {
				ASSETCATALOG_COMPILER_APPICON_NAME = AppIcon;
				CODE_SIGN_IDENTITY = "iPhone Developer";
				"CODE_SIGN_IDENTITY[sdk=iphoneos*]" = "iPhone Developer";
				ENABLE_BITCODE = YES;
				FRAMEWORK_SEARCH_PATHS = (
					"$(inherited)",
					"$(PROJECT_DIR)",
				);
				INFOPLIST_FILE = SkipQ/Info.plist;
				IPHONEOS_DEPLOYMENT_TARGET = 8.1;
				LD_RUNPATH_SEARCH_PATHS = "$(inherited) @executable_path/Frameworks";
				PRODUCT_BUNDLE_IDENTIFIER = edu.cmu.ios.SkipQ;
				PRODUCT_NAME = "$(TARGET_NAME)";
				PROVISIONING_PROFILE = "";
			};
			name = Release;
		};
		BA4C3A061D49F7DA00A527E7 /* Debug */ = {
			isa = XCBuildConfiguration;
			buildSettings = {
				BUNDLE_LOADER = "$(TEST_HOST)";
				INFOPLIST_FILE = SkipQTests/Info.plist;
				LD_RUNPATH_SEARCH_PATHS = "$(inherited) @executable_path/Frameworks @loader_path/Frameworks";
				PRODUCT_BUNDLE_IDENTIFIER = edu.cmu.ios.SkipQTests;
				PRODUCT_NAME = "$(TARGET_NAME)";
				TEST_HOST = "$(BUILT_PRODUCTS_DIR)/SkipQ.app/SkipQ";
			};
			name = Debug;
		};
		BA4C3A071D49F7DA00A527E7 /* Release */ = {
			isa = XCBuildConfiguration;
			buildSettings = {
				BUNDLE_LOADER = "$(TEST_HOST)";
				INFOPLIST_FILE = SkipQTests/Info.plist;
				LD_RUNPATH_SEARCH_PATHS = "$(inherited) @executable_path/Frameworks @loader_path/Frameworks";
				PRODUCT_BUNDLE_IDENTIFIER = edu.cmu.ios.SkipQTests;
				PRODUCT_NAME = "$(TARGET_NAME)";
				TEST_HOST = "$(BUILT_PRODUCTS_DIR)/SkipQ.app/SkipQ";
			};
			name = Release;
		};
		BA4C3A091D49F7DA00A527E7 /* Debug */ = {
			isa = XCBuildConfiguration;
			buildSettings = {
				INFOPLIST_FILE = SkipQUITests/Info.plist;
				LD_RUNPATH_SEARCH_PATHS = "$(inherited) @executable_path/Frameworks @loader_path/Frameworks";
				PRODUCT_BUNDLE_IDENTIFIER = edu.cmu.ios.SkipQUITests;
				PRODUCT_NAME = "$(TARGET_NAME)";
				TEST_TARGET_NAME = SkipQ;
			};
			name = Debug;
		};
		BA4C3A0A1D49F7DA00A527E7 /* Release */ = {
			isa = XCBuildConfiguration;
			buildSettings = {
				INFOPLIST_FILE = SkipQUITests/Info.plist;
				LD_RUNPATH_SEARCH_PATHS = "$(inherited) @executable_path/Frameworks @loader_path/Frameworks";
				PRODUCT_BUNDLE_IDENTIFIER = edu.cmu.ios.SkipQUITests;
				PRODUCT_NAME = "$(TARGET_NAME)";
				TEST_TARGET_NAME = SkipQ;
			};
			name = Release;
		};
/* End XCBuildConfiguration section */

/* Begin XCConfigurationList section */
		BA4C39D01D49F7D900A527E7 /* Build configuration list for PBXProject "SkipQ" */ = {
			isa = XCConfigurationList;
			buildConfigurations = (
				BA4C3A001D49F7DA00A527E7 /* Debug */,
				BA4C3A011D49F7DA00A527E7 /* Release */,
			);
			defaultConfigurationIsVisible = 0;
			defaultConfigurationName = Release;
		};
		BA4C3A021D49F7DA00A527E7 /* Build configuration list for PBXNativeTarget "SkipQ" */ = {
			isa = XCConfigurationList;
			buildConfigurations = (
				BA4C3A031D49F7DA00A527E7 /* Debug */,
				BA4C3A041D49F7DA00A527E7 /* Release */,
			);
			defaultConfigurationIsVisible = 0;
			defaultConfigurationName = Release;
		};
		BA4C3A051D49F7DA00A527E7 /* Build configuration list for PBXNativeTarget "SkipQTests" */ = {
			isa = XCConfigurationList;
			buildConfigurations = (
				BA4C3A061D49F7DA00A527E7 /* Debug */,
				BA4C3A071D49F7DA00A527E7 /* Release */,
			);
			defaultConfigurationIsVisible = 0;
			defaultConfigurationName = Release;
		};
		BA4C3A081D49F7DA00A527E7 /* Build configuration list for PBXNativeTarget "SkipQUITests" */ = {
			isa = XCConfigurationList;
			buildConfigurations = (
				BA4C3A091D49F7DA00A527E7 /* Debug */,
				BA4C3A0A1D49F7DA00A527E7 /* Release */,
			);
			defaultConfigurationIsVisible = 0;
			defaultConfigurationName = Release;
		};
/* End XCConfigurationList section */

/* Begin XCVersionGroup section */
		BA4C3A211D4D5AD200A527E7 /* CheckoutProductModel.xcdatamodeld */ = {
			isa = XCVersionGroup;
			children = (
				BA4C3A221D4D5AD200A527E7 /* CheckoutProductModel.xcdatamodel */,
			);
			currentVersion = BA4C3A221D4D5AD200A527E7 /* CheckoutProductModel.xcdatamodel */;
			path = CheckoutProductModel.xcdatamodeld;
			sourceTree = "<group>";
			versionGroupType = wrapper.xcdatamodel;
		};
/* End XCVersionGroup section */
	};
	rootObject = BA4C39CD1D49F7D900A527E7 /* Project object */;
}
